{
  "name": "TideSoftwareInternship",
  "lockfileVersion": 2,
  "requires": true,
  "packages": {
    "": {
      "dependencies": {
        "@progress/kendo-licensing": "^1.2.2",
        "@progress/kendo-react-dateinputs": "^5.2.0",
        "@progress/kendo-react-intl": "^5.2.0",
        "@progress/kendo-theme-default": "^5.3.1",
        "add": "^2.0.6",
        "or": "^0.2.0",
        "yarn": "^1.22.18"
      }
    },
    "node_modules/@progress/kendo-date-math": {
      "version": "1.5.6",
      "resolved": "https://registry.npmjs.org/@progress/kendo-date-math/-/kendo-date-math-1.5.6.tgz",
      "integrity": "sha512-WM7ETmRX71whiIzceTFgoQLG40LPKixqWz12pflo3Ci3bfITfaaynQcR92d5BTV5H8WSlG1bIrvYHGfpfoYB3A==",
      "dependencies": {
        "tslib": "^1.7.0"
      }
    },
    "node_modules/@progress/kendo-draggable-common": {
      "version": "0.2.0-dev.202203111250",
      "resolved": "https://registry.npmjs.org/@progress/kendo-draggable-common/-/kendo-draggable-common-0.2.0-dev.202203111250.tgz",
      "integrity": "sha512-V4a+cbVEIhirSrDKuVS5L8jf3kBlPTHn7MtlnQgCPWzxRIKtKs/eeB/Q3GucVIedvwklr6Su20yIMzIF3PPU2A==",
      "dependencies": {
        "tslib": "^1.7.0"
      }
    },
    "node_modules/@progress/kendo-licensing": {
      "version": "1.2.2",
      "resolved": "https://registry.npmjs.org/@progress/kendo-licensing/-/kendo-licensing-1.2.2.tgz",
      "integrity": "sha512-DUGwVHmaIFrGkKdO2NjajfNBrLc0Jo0o11WTmo9AkqWzMT+zAOu0D5aghnWGPkPg3e8+T5m9dEZvWPw4eJP4Sw==",
      "hasInstallScript": true,
      "dependencies": {
        "jsonwebtoken": "^8.5.1"
      },
      "bin": {
        "kendo-ui-license": "bin/kendo-ui-license.js"
      }
    },
    "node_modules/@progress/kendo-popup-common": {
      "version": "1.9.0",
      "resolved": "https://registry.npmjs.org/@progress/kendo-popup-common/-/kendo-popup-common-1.9.0.tgz",
      "integrity": "sha512-03FmQtRI2le3x78N1szlhtUkOyruq9aSf2SYCoyvd72mX9V9yAbqsoKByuFDazEbjHyHFkAmj32GrimWHevLCg=="
    },
    "node_modules/@progress/kendo-react-buttons": {
      "version": "5.2.0",
      "resolved": "https://registry.npmjs.org/@progress/kendo-react-buttons/-/kendo-react-buttons-5.2.0.tgz",
      "integrity": "sha512-hOGa4CeXpqxHjc7leNvykug1QDjCsQihfHUsBDzzmnYbL5Pl3hpY/KJC8Z/2hkMxVnVpjS+tsfJt5ZTJ3sDw3g==",
      "dependencies": {
        "@progress/kendo-react-common": "5.2.0",
        "@progress/kendo-react-popup": "5.2.0",
        "prop-types": "^15.6.0"
      },
      "peerDependencies": {
        "@progress/kendo-licensing": "^1.0.1",
        "react": "^16.8.2 || ^17.0.0 || ^18.0.0",
        "react-dom": "^16.8.2 || ^17.0.0 || ^18.0.0"
      }
    },
    "node_modules/@progress/kendo-react-common": {
      "version": "5.2.0",
      "resolved": "https://registry.npmjs.org/@progress/kendo-react-common/-/kendo-react-common-5.2.0.tgz",
      "integrity": "sha512-2TqK/QymUqoW9oXrs+HFlgsCummTh3ub/D/tEx0t6hHxcXeL7sGt0KmDIa3tUBpd2H54xHZJ5BYETZsO+TDHlA==",
      "dependencies": {
        "@progress/kendo-draggable-common": "dev",
        "prop-types": "^15.6.0"
      },
      "peerDependencies": {
        "@progress/kendo-licensing": "^1.0.1",
        "react": "^16.8.2 || ^17.0.0 || ^18.0.0",
        "react-dom": "^16.8.2 || ^17.0.0 || ^18.0.0"
      }
    },
    "node_modules/@progress/kendo-react-dateinputs": {
      "version": "5.2.0",
      "resolved": "https://registry.npmjs.org/@progress/kendo-react-dateinputs/-/kendo-react-dateinputs-5.2.0.tgz",
      "integrity": "sha512-HnZJ4HpbSjpdT4Pkp5Pcs1lz48B1v/aXaoDIJkxgP/n4L6a01c70ZhCHW+2YhGycwa8CnlMhqiLpGkjGCpHHKQ==",
      "dependencies": {
        "@progress/kendo-date-math": "^1.4.0",
        "@progress/kendo-react-buttons": "5.2.0",
        "@progress/kendo-react-common": "5.2.0",
        "@progress/kendo-react-labels": "5.2.0",
        "@progress/kendo-react-popup": "5.2.0",
        "prop-types": "^15.6.0"
      },
      "peerDependencies": {
        "@progress/kendo-licensing": "^1.0.1",
        "@progress/kendo-react-intl": "^5.0.0",
        "react": "^16.8.2 || ^17.0.0 || ^18.0.0",
        "react-dom": "^16.8.2 || ^17.0.0 || ^18.0.0"
      }
    },
    "node_modules/@progress/kendo-react-intl": {
      "version": "5.2.0",
      "resolved": "https://registry.npmjs.org/@progress/kendo-react-intl/-/kendo-react-intl-5.2.0.tgz",
      "integrity": "sha512-NohwsxcA4PaWJANXGCk0nqkr9DvxbQNQY1z60GI9NaaTUasy5fG+kks37pFO/Z0v6r+9BgD9gn9kkoaJ+y/SMQ==",
      "dependencies": {
        "@telerik/kendo-intl": "^2.1.0",
        "prop-types": "^15.6.0"
      },
      "peerDependencies": {
        "@progress/kendo-licensing": "^1.0.1",
        "react": "^16.8.2 || ^17.0.0 || ^18.0.0",
        "react-dom": "^16.8.2 || ^17.0.0 || ^18.0.0"
      }
    },
    "node_modules/@progress/kendo-react-labels": {
      "version": "5.2.0",
      "resolved": "https://registry.npmjs.org/@progress/kendo-react-labels/-/kendo-react-labels-5.2.0.tgz",
      "integrity": "sha512-z/dRin2kEMbeCeoMCY+Na4djPH7DtuQFCjEr0LNPyP3ip80SivDynr929cWNvjnapP4ox/rBaKg846wIh6uCIA==",
      "dependencies": {
        "@progress/kendo-react-common": "5.2.0",
        "prop-types": "^15.6.0"
      },
      "peerDependencies": {
        "@progress/kendo-licensing": "^1.0.1",
        "@progress/kendo-react-intl": "^5.0.0",
        "react": "^16.8.2 || ^17.0.0 || ^18.0.0",
        "react-dom": "^16.8.2 || ^17.0.0 || ^18.0.0"
      }
    },
    "node_modules/@progress/kendo-react-popup": {
      "version": "5.2.0",
      "resolved": "https://registry.npmjs.org/@progress/kendo-react-popup/-/kendo-react-popup-5.2.0.tgz",
      "integrity": "sha512-SXj2cjWUnW7k8UA07Hpqcy304vdd72LHWol9BmS9MUJ9Pi+70vrNrIBiA9dr04i7oLss2L+G/dxO+7Qg7fAruA==",
      "dependencies": {
        "@progress/kendo-popup-common": "1.9.0",
        "@progress/kendo-react-common": "5.2.0",
        "prop-types": "^15.6.0"
      },
      "peerDependencies": {
        "@progress/kendo-licensing": "^1.0.1",
        "react": "^16.8.2 || ^17.0.0 || ^18.0.0",
        "react-dom": "^16.8.2 || ^17.0.0 || ^18.0.0"
      }
    },
    "node_modules/@progress/kendo-theme-default": {
      "version": "5.3.1",
      "resolved": "https://registry.npmjs.org/@progress/kendo-theme-default/-/kendo-theme-default-5.3.1.tgz",
      "integrity": "sha512-CPBFahQ8SkNLZo4h8AYpFp02j7MPmFO97kg7kWjYszhyGBRrvBhw5X/Xs+hfUbw6Arv46IBhRvoa6411otwE9w=="
    },
    "node_modules/@telerik/kendo-intl": {
      "version": "2.3.1",
      "resolved": "https://registry.npmjs.org/@telerik/kendo-intl/-/kendo-intl-2.3.1.tgz",
      "integrity": "sha512-30iXfS/1Kz3wn0rZLiWzrfJCv/c0Wffr5T42uxjJBTxZQ6XLBmUdfaQ4Jn1Td1W0skZrlP0M3/wNAEYTbxXigQ=="
    },
    "node_modules/add": {
      "version": "2.0.6",
      "resolved": "https://registry.npmjs.org/add/-/add-2.0.6.tgz",
      "integrity": "sha1-JI8Kn25aUo7yKV2+7DBTITCuIjU="
    },
    "node_modules/buffer-equal-constant-time": {
      "version": "1.0.1",
      "resolved": "https://registry.npmjs.org/buffer-equal-constant-time/-/buffer-equal-constant-time-1.0.1.tgz",
      "integrity": "sha1-+OcRMvf/5uAaXJaXpMbz5I1cyBk="
    },
    "node_modules/ecdsa-sig-formatter": {
      "version": "1.0.11",
      "resolved": "https://registry.npmjs.org/ecdsa-sig-formatter/-/ecdsa-sig-formatter-1.0.11.tgz",
      "integrity": "sha512-nagl3RYrbNv6kQkeJIpt6NJZy8twLB/2vtz6yN9Z4vRKHN4/QZJIEbqohALSgwKdnksuY3k5Addp5lg8sVoVcQ==",
      "dependencies": {
        "safe-buffer": "^5.0.1"
      }
    },
    "node_modules/js-tokens": {
      "version": "4.0.0",
      "resolved": "https://registry.npmjs.org/js-tokens/-/js-tokens-4.0.0.tgz",
      "integrity": "sha512-RdJUflcE3cUzKiMqQgsCu06FPu9UdIJO0beYbPhHN4k6apgJtifcoCtT9bcxOpYBtpD2kCM6Sbzg4CausW/PKQ=="
    },
    "node_modules/jsonwebtoken": {
      "version": "8.5.1",
      "resolved": "https://registry.npmjs.org/jsonwebtoken/-/jsonwebtoken-8.5.1.tgz",
      "integrity": "sha512-XjwVfRS6jTMsqYs0EsuJ4LGxXV14zQybNd4L2r0UvbVnSF9Af8x7p5MzbJ90Ioz/9TI41/hTCvznF/loiSzn8w==",
      "dependencies": {
        "jws": "^3.2.2",
        "lodash.includes": "^4.3.0",
        "lodash.isboolean": "^3.0.3",
        "lodash.isinteger": "^4.0.4",
        "lodash.isnumber": "^3.0.3",
        "lodash.isplainobject": "^4.0.6",
        "lodash.isstring": "^4.0.1",
        "lodash.once": "^4.0.0",
        "ms": "^2.1.1",
        "semver": "^5.6.0"
      },
      "engines": {
        "node": ">=4",
        "npm": ">=1.4.28"
      }
    },
    "node_modules/jwa": {
      "version": "1.4.1",
      "resolved": "https://registry.npmjs.org/jwa/-/jwa-1.4.1.tgz",
      "integrity": "sha512-qiLX/xhEEFKUAJ6FiBMbes3w9ATzyk5W7Hvzpa/SLYdxNtng+gcurvrI7TbACjIXlsJyr05/S1oUhZrc63evQA==",
      "dependencies": {
        "buffer-equal-constant-time": "1.0.1",
        "ecdsa-sig-formatter": "1.0.11",
        "safe-buffer": "^5.0.1"
      }
    },
    "node_modules/jws": {
      "version": "3.2.2",
      "resolved": "https://registry.npmjs.org/jws/-/jws-3.2.2.tgz",
      "integrity": "sha512-YHlZCB6lMTllWDtSPHz/ZXTsi8S00usEV6v1tjq8tOUZzw7DpSDWVXjXDre6ed1w/pd495ODpHZYSdkRTsa0HA==",
      "dependencies": {
        "jwa": "^1.4.1",
        "safe-buffer": "^5.0.1"
      }
    },
    "node_modules/lodash.includes": {
      "version": "4.3.0",
      "resolved": "https://registry.npmjs.org/lodash.includes/-/lodash.includes-4.3.0.tgz",
      "integrity": "sha1-YLuYqHy5I8aMoeUTJUgzFISfVT8="
    },
    "node_modules/lodash.isboolean": {
      "version": "3.0.3",
      "resolved": "https://registry.npmjs.org/lodash.isboolean/-/lodash.isboolean-3.0.3.tgz",
      "integrity": "sha1-bC4XHbKiV82WgC/UOwGyDV9YcPY="
    },
    "node_modules/lodash.isinteger": {
      "version": "4.0.4",
      "resolved": "https://registry.npmjs.org/lodash.isinteger/-/lodash.isinteger-4.0.4.tgz",
      "integrity": "sha1-YZwK89A/iwTDH1iChAt3sRzWg0M="
    },
    "node_modules/lodash.isnumber": {
      "version": "3.0.3",
      "resolved": "https://registry.npmjs.org/lodash.isnumber/-/lodash.isnumber-3.0.3.tgz",
      "integrity": "sha1-POdoEMWSjQM1IwGsKHMX8RwLH/w="
    },
    "node_modules/lodash.isplainobject": {
      "version": "4.0.6",
      "resolved": "https://registry.npmjs.org/lodash.isplainobject/-/lodash.isplainobject-4.0.6.tgz",
      "integrity": "sha1-fFJqUtibRcRcxpC4gWO+BJf1UMs="
    },
    "node_modules/lodash.isstring": {
      "version": "4.0.1",
      "resolved": "https://registry.npmjs.org/lodash.isstring/-/lodash.isstring-4.0.1.tgz",
      "integrity": "sha1-1SfftUVuynzJu5XV2ur4i6VKVFE="
    },
    "node_modules/lodash.once": {
      "version": "4.1.1",
      "resolved": "https://registry.npmjs.org/lodash.once/-/lodash.once-4.1.1.tgz",
      "integrity": "sha1-DdOXEhPHxW34gJd9UEyI+0cal6w="
    },
    "node_modules/loose-envify": {
      "version": "1.4.0",
      "resolved": "https://registry.npmjs.org/loose-envify/-/loose-envify-1.4.0.tgz",
      "integrity": "sha512-lyuxPGr/Wfhrlem2CL/UcnUc1zcqKAImBDzukY7Y5F/yQiNdko6+fRLevlw1HgMySw7f611UIY408EtxRSoK3Q==",
      "dependencies": {
        "js-tokens": "^3.0.0 || ^4.0.0"
      },
      "bin": {
        "loose-envify": "cli.js"
      }
    },
    "node_modules/ms": {
      "version": "2.1.3",
      "resolved": "https://registry.npmjs.org/ms/-/ms-2.1.3.tgz",
      "integrity": "sha512-6FlzubTLZG3J2a/NVCAleEhjzq5oxgHyaCU9yYXvcLsvoVaHJq/s5xXI6/XXP6tz7R9xAOtHnSO/tXtF3WRTlA=="
    },
    "node_modules/object-assign": {
      "version": "4.1.1",
      "resolved": "https://registry.npmjs.org/object-assign/-/object-assign-4.1.1.tgz",
      "integrity": "sha1-IQmtx5ZYh8/AXLvUQsrIv7s2CGM=",
      "engines": {
        "node": ">=0.10.0"
      }
    },
    "node_modules/or": {
      "version": "0.2.0",
      "resolved": "https://registry.npmjs.org/or/-/or-0.2.0.tgz",
      "integrity": "sha1-mQTqYeJZQ/k14g9PR0ngoUGoK2o=",
      "engines": {
        "node": "*"
      }
    },
    "node_modules/prop-types": {
      "version": "15.8.1",
      "resolved": "https://registry.npmjs.org/prop-types/-/prop-types-15.8.1.tgz",
      "integrity": "sha512-oj87CgZICdulUohogVAR7AjlC0327U4el4L6eAvOqCeudMDVU0NThNaV+b9Df4dXgSP1gXMTnPdhfe/2qDH5cg==",
      "dependencies": {
        "loose-envify": "^1.4.0",
        "object-assign": "^4.1.1",
        "react-is": "^16.13.1"
      }
    },
    "node_modules/react": {
      "version": "18.0.0",
      "resolved": "https://registry.npmjs.org/react/-/react-18.0.0.tgz",
      "integrity": "sha512-x+VL6wbT4JRVPm7EGxXhZ8w8LTROaxPXOqhlGyVSrv0sB1jkyFGgXxJ8LVoPRLvPR6/CIZGFmfzqUa2NYeMr2A==",
      "peer": true,
      "dependencies": {
        "loose-envify": "^1.1.0"
      },
      "engines": {
        "node": ">=0.10.0"
      }
    },
    "node_modules/react-dom": {
      "version": "18.0.0",
      "resolved": "https://registry.npmjs.org/react-dom/-/react-dom-18.0.0.tgz",
      "integrity": "sha512-XqX7uzmFo0pUceWFCt7Gff6IyIMzFUn7QMZrbrQfGxtaxXZIcGQzoNpRLE3fQLnS4XzLLPMZX2T9TRcSrasicw==",
      "peer": true,
      "dependencies": {
        "loose-envify": "^1.1.0",
        "scheduler": "^0.21.0"
      },
      "peerDependencies": {
        "react": "^18.0.0"
      }
    },
    "node_modules/react-is": {
      "version": "16.13.1",
      "resolved": "https://registry.npmjs.org/react-is/-/react-is-16.13.1.tgz",
      "integrity": "sha512-24e6ynE2H+OKt4kqsOvNd8kBpV65zoxbA4BVsEOB3ARVWQki/DHzaUoC5KuON/BiccDaCCTZBuOcfZs70kR8bQ=="
    },
    "node_modules/safe-buffer": {
      "version": "5.2.1",
      "resolved": "https://registry.npmjs.org/safe-buffer/-/safe-buffer-5.2.1.tgz",
      "integrity": "sha512-rp3So07KcdmmKbGvgaNxQSJr7bGVSVk5S9Eq1F+ppbRo70+YeaDxkw5Dd8NPN+GD6bjnYm2VuPuCXmpuYvmCXQ==",
      "funding": [
        {
          "type": "github",
          "url": "https://github.com/sponsors/feross"
        },
        {
          "type": "patreon",
          "url": "https://www.patreon.com/feross"
        },
        {
          "type": "consulting",
          "url": "https://feross.org/support"
        }
      ]
    },
    "node_modules/scheduler": {
      "version": "0.21.0",
      "resolved": "https://registry.npmjs.org/scheduler/-/scheduler-0.21.0.tgz",
      "integrity": "sha512-1r87x5fz9MXqswA2ERLo0EbOAU74DpIUO090gIasYTqlVoJeMcl+Z1Rg7WHz+qtPujhS/hGIt9kxZOYBV3faRQ==",
      "peer": true,
      "dependencies": {
        "loose-envify": "^1.1.0"
      }
    },
    "node_modules/semver": {
      "version": "5.7.1",
      "resolved": "https://registry.npmjs.org/semver/-/semver-5.7.1.tgz",
      "integrity": "sha512-sauaDf/PZdVgrLTNYHRtpXa1iRiKcaebiKQ1BJdpQlWH2lCvexQdX55snPFyK7QzpudqbCI0qXFfOasHdyNDGQ==",
      "bin": {
        "semver": "bin/semver"
      }
    },
    "node_modules/tslib": {
      "version": "1.14.1",
      "resolved": "https://registry.npmjs.org/tslib/-/tslib-1.14.1.tgz",
      "integrity": "sha512-Xni35NKzjgMrwevysHTCArtLDpPvye8zV/0E4EyYn43P7/7qvQwPh9BGkHewbMulVntbigmcT7rdX3BNo9wRJg=="
    },
    "node_modules/yarn": {
      "version": "1.22.18",
      "resolved": "https://registry.npmjs.org/yarn/-/yarn-1.22.18.tgz",
      "integrity": "sha512-oFffv6Jp2+BTUBItzx1Z0dpikTX+raRdqupfqzeMKnoh7WD6RuPAxcqDkMUy9vafJkrB0YaV708znpuMhEBKGQ==",
      "hasInstallScript": true,
      "bin": {
        "yarn": "bin/yarn.js",
        "yarnpkg": "bin/yarn.js"
      },
      "engines": {
        "node": ">=4.0.0"
      }
    }
  },
  "dependencies": {
    "@progress/kendo-date-math": {
      "version": "1.5.6",
      "resolved": "https://registry.npmjs.org/@progress/kendo-date-math/-/kendo-date-math-1.5.6.tgz",
      "integrity": "sha512-WM7ETmRX71whiIzceTFgoQLG40LPKixqWz12pflo3Ci3bfITfaaynQcR92d5BTV5H8WSlG1bIrvYHGfpfoYB3A==",
      "requires": {
        "tslib": "^1.7.0"
      }
    },
    "@progress/kendo-draggable-common": {
      "version": "0.2.0-dev.202203111250",
      "resolved": "https://registry.npmjs.org/@progress/kendo-draggable-common/-/kendo-draggable-common-0.2.0-dev.202203111250.tgz",
      "integrity": "sha512-V4a+cbVEIhirSrDKuVS5L8jf3kBlPTHn7MtlnQgCPWzxRIKtKs/eeB/Q3GucVIedvwklr6Su20yIMzIF3PPU2A==",
      "requires": {
        "tslib": "^1.7.0"
      }
    },
    "@progress/kendo-licensing": {
      "version": "1.2.2",
      "resolved": "https://registry.npmjs.org/@progress/kendo-licensing/-/kendo-licensing-1.2.2.tgz",
      "integrity": "sha512-DUGwVHmaIFrGkKdO2NjajfNBrLc0Jo0o11WTmo9AkqWzMT+zAOu0D5aghnWGPkPg3e8+T5m9dEZvWPw4eJP4Sw==",
      "requires": {
        "jsonwebtoken": "^8.5.1"
      }
    },
    "@progress/kendo-popup-common": {
      "version": "1.9.0",
      "resolved": "https://registry.npmjs.org/@progress/kendo-popup-common/-/kendo-popup-common-1.9.0.tgz",
      "integrity": "sha512-03FmQtRI2le3x78N1szlhtUkOyruq9aSf2SYCoyvd72mX9V9yAbqsoKByuFDazEbjHyHFkAmj32GrimWHevLCg=="
    },
    "@progress/kendo-react-buttons": {
      "version": "5.2.0",
      "resolved": "https://registry.npmjs.org/@progress/kendo-react-buttons/-/kendo-react-buttons-5.2.0.tgz",
      "integrity": "sha512-hOGa4CeXpqxHjc7leNvykug1QDjCsQihfHUsBDzzmnYbL5Pl3hpY/KJC8Z/2hkMxVnVpjS+tsfJt5ZTJ3sDw3g==",
      "requires": {
        "@progress/kendo-react-common": "5.2.0",
        "@progress/kendo-react-popup": "5.2.0",
        "prop-types": "^15.6.0"
      }
    },
    "@progress/kendo-react-common": {
      "version": "5.2.0",
      "resolved": "https://registry.npmjs.org/@progress/kendo-react-common/-/kendo-react-common-5.2.0.tgz",
      "integrity": "sha512-2TqK/QymUqoW9oXrs+HFlgsCummTh3ub/D/tEx0t6hHxcXeL7sGt0KmDIa3tUBpd2H54xHZJ5BYETZsO+TDHlA==",
      "requires": {
        "@progress/kendo-draggable-common": "dev",
        "prop-types": "^15.6.0"
      }
    },
    "@progress/kendo-react-dateinputs": {
      "version": "5.2.0",
      "resolved": "https://registry.npmjs.org/@progress/kendo-react-dateinputs/-/kendo-react-dateinputs-5.2.0.tgz",
      "integrity": "sha512-HnZJ4HpbSjpdT4Pkp5Pcs1lz48B1v/aXaoDIJkxgP/n4L6a01c70ZhCHW+2YhGycwa8CnlMhqiLpGkjGCpHHKQ==",
      "requires": {
        "@progress/kendo-date-math": "^1.4.0",
        "@progress/kendo-react-buttons": "5.2.0",
        "@progress/kendo-react-common": "5.2.0",
        "@progress/kendo-react-labels": "5.2.0",
        "@progress/kendo-react-popup": "5.2.0",
        "prop-types": "^15.6.0"
      }
    },
    "@progress/kendo-react-intl": {
      "version": "5.2.0",
      "resolved": "https://registry.npmjs.org/@progress/kendo-react-intl/-/kendo-react-intl-5.2.0.tgz",
      "integrity": "sha512-NohwsxcA4PaWJANXGCk0nqkr9DvxbQNQY1z60GI9NaaTUasy5fG+kks37pFO/Z0v6r+9BgD9gn9kkoaJ+y/SMQ==",
      "requires": {
        "@telerik/kendo-intl": "^2.1.0",
        "prop-types": "^15.6.0"
      }
    },
    "@progress/kendo-react-labels": {
      "version": "5.2.0",
      "resolved": "https://registry.npmjs.org/@progress/kendo-react-labels/-/kendo-react-labels-5.2.0.tgz",
      "integrity": "sha512-z/dRin2kEMbeCeoMCY+Na4djPH7DtuQFCjEr0LNPyP3ip80SivDynr929cWNvjnapP4ox/rBaKg846wIh6uCIA==",
      "requires": {
        "@progress/kendo-react-common": "5.2.0",
        "prop-types": "^15.6.0"
      }
    },
    "@progress/kendo-react-popup": {
      "version": "5.2.0",
      "resolved": "https://registry.npmjs.org/@progress/kendo-react-popup/-/kendo-react-popup-5.2.0.tgz",
      "integrity": "sha512-SXj2cjWUnW7k8UA07Hpqcy304vdd72LHWol9BmS9MUJ9Pi+70vrNrIBiA9dr04i7oLss2L+G/dxO+7Qg7fAruA==",
      "requires": {
        "@progress/kendo-popup-common": "1.9.0",
        "@progress/kendo-react-common": "5.2.0",
        "prop-types": "^15.6.0"
      }
    },
    "@progress/kendo-theme-default": {
      "version": "5.3.1",
      "resolved": "https://registry.npmjs.org/@progress/kendo-theme-default/-/kendo-theme-default-5.3.1.tgz",
      "integrity": "sha512-CPBFahQ8SkNLZo4h8AYpFp02j7MPmFO97kg7kWjYszhyGBRrvBhw5X/Xs+hfUbw6Arv46IBhRvoa6411otwE9w=="
    },
    "@telerik/kendo-intl": {
      "version": "2.3.1",
      "resolved": "https://registry.npmjs.org/@telerik/kendo-intl/-/kendo-intl-2.3.1.tgz",
      "integrity": "sha512-30iXfS/1Kz3wn0rZLiWzrfJCv/c0Wffr5T42uxjJBTxZQ6XLBmUdfaQ4Jn1Td1W0skZrlP0M3/wNAEYTbxXigQ=="
    },
    "add": {
      "version": "2.0.6",
      "resolved": "https://registry.npmjs.org/add/-/add-2.0.6.tgz",
      "integrity": "sha1-JI8Kn25aUo7yKV2+7DBTITCuIjU="
    },
    "buffer-equal-constant-time": {
      "version": "1.0.1",
      "resolved": "https://registry.npmjs.org/buffer-equal-constant-time/-/buffer-equal-constant-time-1.0.1.tgz",
      "integrity": "sha1-+OcRMvf/5uAaXJaXpMbz5I1cyBk="
    },
    "ecdsa-sig-formatter": {
      "version": "1.0.11",
      "resolved": "https://registry.npmjs.org/ecdsa-sig-formatter/-/ecdsa-sig-formatter-1.0.11.tgz",
      "integrity": "sha512-nagl3RYrbNv6kQkeJIpt6NJZy8twLB/2vtz6yN9Z4vRKHN4/QZJIEbqohALSgwKdnksuY3k5Addp5lg8sVoVcQ==",
      "requires": {
        "safe-buffer": "^5.0.1"
      }
    },
    "js-tokens": {
      "version": "4.0.0",
      "resolved": "https://registry.npmjs.org/js-tokens/-/js-tokens-4.0.0.tgz",
      "integrity": "sha512-RdJUflcE3cUzKiMqQgsCu06FPu9UdIJO0beYbPhHN4k6apgJtifcoCtT9bcxOpYBtpD2kCM6Sbzg4CausW/PKQ=="
    },
    "jsonwebtoken": {
      "version": "8.5.1",
      "resolved": "https://registry.npmjs.org/jsonwebtoken/-/jsonwebtoken-8.5.1.tgz",
      "integrity": "sha512-XjwVfRS6jTMsqYs0EsuJ4LGxXV14zQybNd4L2r0UvbVnSF9Af8x7p5MzbJ90Ioz/9TI41/hTCvznF/loiSzn8w==",
      "requires": {
        "jws": "^3.2.2",
        "lodash.includes": "^4.3.0",
        "lodash.isboolean": "^3.0.3",
        "lodash.isinteger": "^4.0.4",
        "lodash.isnumber": "^3.0.3",
        "lodash.isplainobject": "^4.0.6",
        "lodash.isstring": "^4.0.1",
        "lodash.once": "^4.0.0",
        "ms": "^2.1.1",
        "semver": "^5.6.0"
      }
    },
    "jwa": {
      "version": "1.4.1",
      "resolved": "https://registry.npmjs.org/jwa/-/jwa-1.4.1.tgz",
      "integrity": "sha512-qiLX/xhEEFKUAJ6FiBMbes3w9ATzyk5W7Hvzpa/SLYdxNtng+gcurvrI7TbACjIXlsJyr05/S1oUhZrc63evQA==",
      "requires": {
        "buffer-equal-constant-time": "1.0.1",
        "ecdsa-sig-formatter": "1.0.11",
        "safe-buffer": "^5.0.1"
      }
    },
    "jws": {
      "version": "3.2.2",
      "resolved": "https://registry.npmjs.org/jws/-/jws-3.2.2.tgz",
      "integrity": "sha512-YHlZCB6lMTllWDtSPHz/ZXTsi8S00usEV6v1tjq8tOUZzw7DpSDWVXjXDre6ed1w/pd495ODpHZYSdkRTsa0HA==",
      "requires": {
        "jwa": "^1.4.1",
        "safe-buffer": "^5.0.1"
      }
    },
    "lodash.includes": {
      "version": "4.3.0",
      "resolved": "https://registry.npmjs.org/lodash.includes/-/lodash.includes-4.3.0.tgz",
      "integrity": "sha1-YLuYqHy5I8aMoeUTJUgzFISfVT8="
    },
    "lodash.isboolean": {
      "version": "3.0.3",
      "resolved": "https://registry.npmjs.org/lodash.isboolean/-/lodash.isboolean-3.0.3.tgz",
      "integrity": "sha1-bC4XHbKiV82WgC/UOwGyDV9YcPY="
    },
    "lodash.isinteger": {
      "version": "4.0.4",
      "resolved": "https://registry.npmjs.org/lodash.isinteger/-/lodash.isinteger-4.0.4.tgz",
      "integrity": "sha1-YZwK89A/iwTDH1iChAt3sRzWg0M="
    },
    "lodash.isnumber": {
      "version": "3.0.3",
      "resolved": "https://registry.npmjs.org/lodash.isnumber/-/lodash.isnumber-3.0.3.tgz",
      "integrity": "sha1-POdoEMWSjQM1IwGsKHMX8RwLH/w="
    },
    "lodash.isplainobject": {
      "version": "4.0.6",
      "resolved": "https://registry.npmjs.org/lodash.isplainobject/-/lodash.isplainobject-4.0.6.tgz",
      "integrity": "sha1-fFJqUtibRcRcxpC4gWO+BJf1UMs="
    },
    "lodash.isstring": {
      "version": "4.0.1",
      "resolved": "https://registry.npmjs.org/lodash.isstring/-/lodash.isstring-4.0.1.tgz",
      "integrity": "sha1-1SfftUVuynzJu5XV2ur4i6VKVFE="
    },
    "lodash.once": {
      "version": "4.1.1",
      "resolved": "https://registry.npmjs.org/lodash.once/-/lodash.once-4.1.1.tgz",
      "integrity": "sha1-DdOXEhPHxW34gJd9UEyI+0cal6w="
    },
    "loose-envify": {
      "version": "1.4.0",
      "resolved": "https://registry.npmjs.org/loose-envify/-/loose-envify-1.4.0.tgz",
      "integrity": "sha512-lyuxPGr/Wfhrlem2CL/UcnUc1zcqKAImBDzukY7Y5F/yQiNdko6+fRLevlw1HgMySw7f611UIY408EtxRSoK3Q==",
      "requires": {
        "js-tokens": "^3.0.0 || ^4.0.0"
      }
    },
    "ms": {
      "version": "2.1.3",
      "resolved": "https://registry.npmjs.org/ms/-/ms-2.1.3.tgz",
      "integrity": "sha512-6FlzubTLZG3J2a/NVCAleEhjzq5oxgHyaCU9yYXvcLsvoVaHJq/s5xXI6/XXP6tz7R9xAOtHnSO/tXtF3WRTlA=="
    },
    "object-assign": {
      "version": "4.1.1",
      "resolved": "https://registry.npmjs.org/object-assign/-/object-assign-4.1.1.tgz",
      "integrity": "sha1-IQmtx5ZYh8/AXLvUQsrIv7s2CGM="
    },
    "or": {
      "version": "0.2.0",
      "resolved": "https://registry.npmjs.org/or/-/or-0.2.0.tgz",
      "integrity": "sha1-mQTqYeJZQ/k14g9PR0ngoUGoK2o="
    },
    "prop-types": {
      "version": "15.8.1",
      "resolved": "https://registry.npmjs.org/prop-types/-/prop-types-15.8.1.tgz",
      "integrity": "sha512-oj87CgZICdulUohogVAR7AjlC0327U4el4L6eAvOqCeudMDVU0NThNaV+b9Df4dXgSP1gXMTnPdhfe/2qDH5cg==",
      "requires": {
        "loose-envify": "^1.4.0",
        "object-assign": "^4.1.1",
        "react-is": "^16.13.1"
      }
    },
    "react": {
      "version": "18.0.0",
      "resolved": "https://registry.npmjs.org/react/-/react-18.0.0.tgz",
      "integrity": "sha512-x+VL6wbT4JRVPm7EGxXhZ8w8LTROaxPXOqhlGyVSrv0sB1jkyFGgXxJ8LVoPRLvPR6/CIZGFmfzqUa2NYeMr2A==",
      "peer": true,
      "requires": {
        "loose-envify": "^1.1.0"
      }
    },
    "react-dom": {
      "version": "18.0.0",
      "resolved": "https://registry.npmjs.org/react-dom/-/react-dom-18.0.0.tgz",
      "integrity": "sha512-XqX7uzmFo0pUceWFCt7Gff6IyIMzFUn7QMZrbrQfGxtaxXZIcGQzoNpRLE3fQLnS4XzLLPMZX2T9TRcSrasicw==",
      "peer": true,
      "requires": {
        "loose-envify": "^1.1.0",
        "scheduler": "^0.21.0"
      }
    },
    "react-is": {
      "version": "16.13.1",
      "resolved": "https://registry.npmjs.org/react-is/-/react-is-16.13.1.tgz",
      "integrity": "sha512-24e6ynE2H+OKt4kqsOvNd8kBpV65zoxbA4BVsEOB3ARVWQki/DHzaUoC5KuON/BiccDaCCTZBuOcfZs70kR8bQ=="
    },
    "safe-buffer": {
      "version": "5.2.1",
      "resolved": "https://registry.npmjs.org/safe-buffer/-/safe-buffer-5.2.1.tgz",
      "integrity": "sha512-rp3So07KcdmmKbGvgaNxQSJr7bGVSVk5S9Eq1F+ppbRo70+YeaDxkw5Dd8NPN+GD6bjnYm2VuPuCXmpuYvmCXQ=="
    },
    "scheduler": {
      "version": "0.21.0",
      "resolved": "https://registry.npmjs.org/scheduler/-/scheduler-0.21.0.tgz",
      "integrity": "sha512-1r87x5fz9MXqswA2ERLo0EbOAU74DpIUO090gIasYTqlVoJeMcl+Z1Rg7WHz+qtPujhS/hGIt9kxZOYBV3faRQ==",
      "peer": true,
      "requires": {
        "loose-envify": "^1.1.0"
      }
    },
    "semver": {
      "version": "5.7.1",
      "resolved": "https://registry.npmjs.org/semver/-/semver-5.7.1.tgz",
      "integrity": "sha512-sauaDf/PZdVgrLTNYHRtpXa1iRiKcaebiKQ1BJdpQlWH2lCvexQdX55snPFyK7QzpudqbCI0qXFfOasHdyNDGQ=="
    },
    "tslib": {
      "version": "1.14.1",
      "resolved": "https://registry.npmjs.org/tslib/-/tslib-1.14.1.tgz",
      "integrity": "sha512-Xni35NKzjgMrwevysHTCArtLDpPvye8zV/0E4EyYn43P7/7qvQwPh9BGkHewbMulVntbigmcT7rdX3BNo9wRJg=="
    },
    "yarn": {
      "version": "1.22.18",
      "resolved": "https://registry.npmjs.org/yarn/-/yarn-1.22.18.tgz",
      "integrity": "sha512-oFffv6Jp2+BTUBItzx1Z0dpikTX+raRdqupfqzeMKnoh7WD6RuPAxcqDkMUy9vafJkrB0YaV708znpuMhEBKGQ=="
    }
  }
}
